
Microsoft Visual Studio Solution File, Format Version 12.00
# Visual Studio Version 16
VisualStudioVersion = 16.0.30104.148
MinimumVisualStudioVersion = 10.0.40219.1
Project("{9A19103F-16F7-4668-BE54-9A1E7A4F7556}") = "ContosoCrafts.WebSite", "ContosoCrafts.WebSite\ContosoCrafts.WebSite.csproj", "{39470CD1-D7A0-473A-9FC7-ABEE05E5AB34}"
EndProject
Global
	GlobalSection(SolutionConfigurationPlatforms) = preSolution
		Debug|Any CPU = Debug|Any CPU
		Release|Any CPU = Release|Any CPU
	EndGlobalSection
	GlobalSection(ProjectConfigurationPlatforms) = postSolution
		{39470CD1-D7A0-473A-9FC7-ABEE05E5AB34}.Debug|Any CPU.ActiveCfg = Debug|Any CPU
		{39470CD1-D7A0-473A-9FC7-ABEE05E5AB34}.Debug|Any CPU.Build.0 = Debug|Any CPU
		{39470CD1-D7A0-473A-9FC7-ABEE05E5AB34}.Release|Any CPU.ActiveCfg = Release|Any CPU
		{39470CD1-D7A0-473A-9FC7-ABEE05E5AB34}.Release|Any CPU.Build.0 = Release|Any CPU
	EndGlobalSection
	GlobalSection(SolutionProperties) = preSolution
		HideSolutionNode = FALSE
	EndGlobalSection
	GlobalSection(ExtensibilityGlobals) = postSolution
		SolutionGuid = {702E5BA2-6723-4018-ACC1-AB0CC234FA31}
	EndGlobalSection
EndGlobal
